
Microsoft Visual Studio Solution File, Format Version 12.00
# Visual Studio Version 16
VisualStudioVersion = 16.0.32228.343
MinimumVisualStudioVersion = 10.0.40219.1
Project("{FAE04EC0-301F-11D3-BF4B-00C04F79EFBC}") = "FileManager", "FileManager\FileManager.csproj", "{202CD8B2-AFC6-45E6-AB31-E797BDF0BB2C}"
EndProject
Global
	GlobalSection(SolutionConfigurationPlatforms) = preSolution
		Debug|Any CPU = Debug|Any CPU
		Release|Any CPU = Release|Any CPU
	EndGlobalSection
	GlobalSection(ProjectConfigurationPlatforms) = postSolution
		{202CD8B2-AFC6-45E6-AB31-E797BDF0BB2C}.Debug|Any CPU.ActiveCfg = Debug|Any CPU
		{202CD8B2-AFC6-45E6-AB31-E797BDF0BB2C}.Debug|Any CPU.Build.0 = Debug|Any CPU
		{202CD8B2-AFC6-45E6-AB31-E797BDF0BB2C}.Release|Any CPU.ActiveCfg = Release|Any CPU
		{202CD8B2-AFC6-45E6-AB31-E797BDF0BB2C}.Release|Any CPU.Build.0 = Release|Any CPU
	EndGlobalSection
	GlobalSection(SolutionProperties) = preSolution
		HideSolutionNode = FALSE
	EndGlobalSection
	GlobalSection(ExtensibilityGlobals) = postSolution
		SolutionGuid = {6879C6BA-528E-4761-B083-21F1CDCDF16C}
	EndGlobalSection
EndGlobal
